// !$*UTF8*$!
{
	archiveVersion = 1;
	classes = {
	};
	objectVersion = 51;
	objects = {

/* Begin PBXBuildFile section */
		37E79C0D7552D0F04D1BCF36 /* Pods_parstagram_parstagramUITests.framework in Frameworks */ = {isa = PBXBuildFile; fileRef = EAF9D23AACDCD00942302834 /* Pods_parstagram_parstagramUITests.framework */; };
		4BCB6E6AAEA726CD3890DAC0 /* Pods_parstagramTests.framework in Frameworks */ = {isa = PBXBuildFile; fileRef = A8F26C1BCC3089C0098BF90B /* Pods_parstagramTests.framework */; };
		50642EAB06E6F54C0A66A7BB /* Pods_parstagram.framework in Frameworks */ = {isa = PBXBuildFile; fileRef = 48BD0644C562C42A22644EB8 /* Pods_parstagram.framework */; };
		C00DE83925E88A50001A10F6 /* PostCell.swift in Sources */ = {isa = PBXBuildFile; fileRef = C00DE83825E88A50001A10F6 /* PostCell.swift */; };
		C0BFF58A25E5FB8C000DA4DB /* CameraViewController.swift in Sources */ = {isa = PBXBuildFile; fileRef = C0BFF58925E5FB8C000DA4DB /* CameraViewController.swift */; };
		C0D8B76F25E5E26300DA6D09 /* AppDelegate.swift in Sources */ = {isa = PBXBuildFile; fileRef = C0D8B76E25E5E26300DA6D09 /* AppDelegate.swift */; };
		C0D8B77125E5E26300DA6D09 /* SceneDelegate.swift in Sources */ = {isa = PBXBuildFile; fileRef = C0D8B77025E5E26300DA6D09 /* SceneDelegate.swift */; };
		C0D8B77325E5E26300DA6D09 /* ViewController.swift in Sources */ = {isa = PBXBuildFile; fileRef = C0D8B77225E5E26300DA6D09 /* ViewController.swift */; };
		C0D8B77625E5E26300DA6D09 /* Main.storyboard in Resources */ = {isa = PBXBuildFile; fileRef = C0D8B77425E5E26300DA6D09 /* Main.storyboard */; };
		C0D8B77825E5E26900DA6D09 /* Assets.xcassets in Resources */ = {isa = PBXBuildFile; fileRef = C0D8B77725E5E26900DA6D09 /* Assets.xcassets */; };
		C0D8B77B25E5E26A00DA6D09 /* LaunchScreen.storyboard in Resources */ = {isa = PBXBuildFile; fileRef = C0D8B77925E5E26A00DA6D09 /* LaunchScreen.storyboard */; };
		C0D8B78625E5E26A00DA6D09 /* parstagramTests.swift in Sources */ = {isa = PBXBuildFile; fileRef = C0D8B78525E5E26A00DA6D09 /* parstagramTests.swift */; };
		C0D8B79125E5E26A00DA6D09 /* parstagramUITests.swift in Sources */ = {isa = PBXBuildFile; fileRef = C0D8B79025E5E26A00DA6D09 /* parstagramUITests.swift */; };
		C0D8B7A225E5E2B200DA6D09 /* LoginViewController.swift in Sources */ = {isa = PBXBuildFile; fileRef = C0D8B7A125E5E2B200DA6D09 /* LoginViewController.swift */; };
		C0D8B7A725E5E2BB00DA6D09 /* FeedViewController.swift in Sources */ = {isa = PBXBuildFile; fileRef = C0D8B7A625E5E2BB00DA6D09 /* FeedViewController.swift */; };
		C0ED9A3E25EF175300172347 /* CommentCell.swift in Sources */ = {isa = PBXBuildFile; fileRef = C0ED9A3D25EF175300172347 /* CommentCell.swift */; };
/* End PBXBuildFile section */

/* Begin PBXContainerItemProxy section */
		C0D8B78225E5E26A00DA6D09 /* PBXContainerItemProxy */ = {
			isa = PBXContainerItemProxy;
			containerPortal = C0D8B76325E5E26300DA6D09 /* Project object */;
			proxyType = 1;
			remoteGlobalIDString = C0D8B76A25E5E26300DA6D09;
			remoteInfo = parstagram;
		};
		C0D8B78D25E5E26A00DA6D09 /* PBXContainerItemProxy */ = {
			isa = PBXContainerItemProxy;
			containerPortal = C0D8B76325E5E26300DA6D09 /* Project object */;
			proxyType = 1;
			remoteGlobalIDString = C0D8B76A25E5E26300DA6D09;
			remoteInfo = parstagram;
		};
/* End PBXContainerItemProxy section */

/* Begin PBXFileReference section */
		085C4DCD07A15CD384254F37 /* Pods-parstagram.debug.xcconfig */ = {isa = PBXFileReference; includeInIndex = 1; lastKnownFileType = text.xcconfig; name = "Pods-parstagram.debug.xcconfig"; path = "Target Support Files/Pods-parstagram/Pods-parstagram.debug.xcconfig"; sourceTree = "<group>"; };
		1AFDC23EE9087BD581D683E0 /* Pods-parstagram-parstagramUITests.debug.xcconfig */ = {isa = PBXFileReference; includeInIndex = 1; lastKnownFileType = text.xcconfig; name = "Pods-parstagram-parstagramUITests.debug.xcconfig"; path = "Target Support Files/Pods-parstagram-parstagramUITests/Pods-parstagram-parstagramUITests.debug.xcconfig"; sourceTree = "<group>"; };
		48BD0644C562C42A22644EB8 /* Pods_parstagram.framework */ = {isa = PBXFileReference; explicitFileType = wrapper.framework; includeInIndex = 0; path = Pods_parstagram.framework; sourceTree = BUILT_PRODUCTS_DIR; };
		A8F26C1BCC3089C0098BF90B /* Pods_parstagramTests.framework */ = {isa = PBXFileReference; explicitFileType = wrapper.framework; includeInIndex = 0; path = Pods_parstagramTests.framework; sourceTree = BUILT_PRODUCTS_DIR; };
		C00DE83825E88A50001A10F6 /* PostCell.swift */ = {isa = PBXFileReference; lastKnownFileType = sourcecode.swift; path = PostCell.swift; sourceTree = "<group>"; };
		C0BFF58925E5FB8C000DA4DB /* CameraViewController.swift */ = {isa = PBXFileReference; lastKnownFileType = sourcecode.swift; path = CameraViewController.swift; sourceTree = "<group>"; };
		C0D8B76B25E5E26300DA6D09 /* parstagram.app */ = {isa = PBXFileReference; explicitFileType = wrapper.application; includeInIndex = 0; path = parstagram.app; sourceTree = BUILT_PRODUCTS_DIR; };
		C0D8B76E25E5E26300DA6D09 /* AppDelegate.swift */ = {isa = PBXFileReference; lastKnownFileType = sourcecode.swift; path = AppDelegate.swift; sourceTree = "<group>"; };
		C0D8B77025E5E26300DA6D09 /* SceneDelegate.swift */ = {isa = PBXFileReference; lastKnownFileType = sourcecode.swift; path = SceneDelegate.swift; sourceTree = "<group>"; };
		C0D8B77225E5E26300DA6D09 /* ViewController.swift */ = {isa = PBXFileReference; lastKnownFileType = sourcecode.swift; path = ViewController.swift; sourceTree = "<group>"; };
		C0D8B77525E5E26300DA6D09 /* Base */ = {isa = PBXFileReference; lastKnownFileType = file.storyboard; name = Base; path = Base.lproj/Main.storyboard; sourceTree = "<group>"; };
		C0D8B77725E5E26900DA6D09 /* Assets.xcassets */ = {isa = PBXFileReference; lastKnownFileType = folder.assetcatalog; path = Assets.xcassets; sourceTree = "<group>"; };
		C0D8B77A25E5E26A00DA6D09 /* Base */ = {isa = PBXFileReference; lastKnownFileType = file.storyboard; name = Base; path = Base.lproj/LaunchScreen.storyboard; sourceTree = "<group>"; };
		C0D8B77C25E5E26A00DA6D09 /* Info.plist */ = {isa = PBXFileReference; lastKnownFileType = text.plist.xml; path = Info.plist; sourceTree = "<group>"; };
		C0D8B78125E5E26A00DA6D09 /* parstagramTests.xctest */ = {isa = PBXFileReference; explicitFileType = wrapper.cfbundle; includeInIndex = 0; path = parstagramTests.xctest; sourceTree = BUILT_PRODUCTS_DIR; };
		C0D8B78525E5E26A00DA6D09 /* parstagramTests.swift */ = {isa = PBXFileReference; lastKnownFileType = sourcecode.swift; path = parstagramTests.swift; sourceTree = "<group>"; };
		C0D8B78725E5E26A00DA6D09 /* Info.plist */ = {isa = PBXFileReference; lastKnownFileType = text.plist.xml; path = Info.plist; sourceTree = "<group>"; };
		C0D8B78C25E5E26A00DA6D09 /* parstagramUITests.xctest */ = {isa = PBXFileReference; explicitFileType = wrapper.cfbundle; includeInIndex = 0; path = parstagramUITests.xctest; sourceTree = BUILT_PRODUCTS_DIR; };
		C0D8B79025E5E26A00DA6D09 /* parstagramUITests.swift */ = {isa = PBXFileReference; lastKnownFileType = sourcecode.swift; path = parstagramUITests.swift; sourceTree = "<group>"; };
		C0D8B79225E5E26A00DA6D09 /* Info.plist */ = {isa = PBXFileReference; lastKnownFileType = text.plist.xml; path = Info.plist; sourceTree = "<group>"; };
		C0D8B7A125E5E2B200DA6D09 /* LoginViewController.swift */ = {isa = PBXFileReference; lastKnownFileType = sourcecode.swift; path = LoginViewController.swift; sourceTree = "<group>"; };
		C0D8B7A625E5E2BB00DA6D09 /* FeedViewController.swift */ = {isa = PBXFileReference; lastKnownFileType = sourcecode.swift; path = FeedViewController.swift; sourceTree = "<group>"; };
		C0ED9A3D25EF175300172347 /* CommentCell.swift */ = {isa = PBXFileReference; lastKnownFileType = sourcecode.swift; path = CommentCell.swift; sourceTree = "<group>"; };
		C9EDA17E722BB22F7DF1BD45 /* Pods-parstagram-parstagramUITests.release.xcconfig */ = {isa = PBXFileReference; includeInIndex = 1; lastKnownFileType = text.xcconfig; name = "Pods-parstagram-parstagramUITests.release.xcconfig"; path = "Target Support Files/Pods-parstagram-parstagramUITests/Pods-parstagram-parstagramUITests.release.xcconfig"; sourceTree = "<group>"; };
		D160F70D8662867CEF352CFD /* Pods-parstagramTests.release.xcconfig */ = {isa = PBXFileReference; includeInIndex = 1; lastKnownFileType = text.xcconfig; name = "Pods-parstagramTests.release.xcconfig"; path = "Target Support Files/Pods-parstagramTests/Pods-parstagramTests.release.xcconfig"; sourceTree = "<group>"; };
		D7099142E84BBA19745D80AE /* Pods-parstagramTests.debug.xcconfig */ = {isa = PBXFileReference; includeInIndex = 1; lastKnownFileType = text.xcconfig; name = "Pods-parstagramTests.debug.xcconfig"; path = "Target Support Files/Pods-parstagramTests/Pods-parstagramTests.debug.xcconfig"; sourceTree = "<group>"; };
		DBDC06E1230F9E5EA6563C48 /* Pods-parstagram.release.xcconfig */ = {isa = PBXFileReference; includeInIndex = 1; lastKnownFileType = text.xcconfig; name = "Pods-parstagram.release.xcconfig"; path = "Target Support Files/Pods-parstagram/Pods-parstagram.release.xcconfig"; sourceTree = "<group>"; };
		EAF9D23AACDCD00942302834 /* Pods_parstagram_parstagramUITests.framework */ = {isa = PBXFileReference; explicitFileType = wrapper.framework; includeInIndex = 0; path = Pods_parstagram_parstagramUITests.framework; sourceTree = BUILT_PRODUCTS_DIR; };
/* End PBXFileReference section */

/* Begin PBXFrameworksBuildPhase section */
		C0D8B76825E5E26300DA6D09 /* Frameworks */ = {
			isa = PBXFrameworksBuildPhase;
			buildActionMask = 2147483647;
			files = (
				50642EAB06E6F54C0A66A7BB /* Pods_parstagram.framework in Frameworks */,
			);
			runOnlyForDeploymentPostprocessing = 0;
		};
		C0D8B77E25E5E26A00DA6D09 /* Frameworks */ = {
			isa = PBXFrameworksBuildPhase;
			buildActionMask = 2147483647;
			files = (
				4BCB6E6AAEA726CD3890DAC0 /* Pods_parstagramTests.framework in Frameworks */,
			);
			runOnlyForDeploymentPostprocessing = 0;
		};
		C0D8B78925E5E26A00DA6D09 /* Frameworks */ = {
			isa = PBXFrameworksBuildPhase;
			buildActionMask = 2147483647;
			files = (
				37E79C0D7552D0F04D1BCF36 /* Pods_parstagram_parstagramUITests.framework in Frameworks */,
			);
			runOnlyForDeploymentPostprocessing = 0;
		};
/* End PBXFrameworksBuildPhase section */

/* Begin PBXGroup section */
		81CBCA7FF576B0D1555877BE /* Pods */ = {
			isa = PBXGroup;
			children = (
				085C4DCD07A15CD384254F37 /* Pods-parstagram.debug.xcconfig */,
				DBDC06E1230F9E5EA6563C48 /* Pods-parstagram.release.xcconfig */,
				1AFDC23EE9087BD581D683E0 /* Pods-parstagram-parstagramUITests.debug.xcconfig */,
				C9EDA17E722BB22F7DF1BD45 /* Pods-parstagram-parstagramUITests.release.xcconfig */,
				D7099142E84BBA19745D80AE /* Pods-parstagramTests.debug.xcconfig */,
				D160F70D8662867CEF352CFD /* Pods-parstagramTests.release.xcconfig */,
			);
			path = Pods;
			sourceTree = "<group>";
		};
		C0D8B76225E5E26200DA6D09 = {
			isa = PBXGroup;
			children = (
				C0D8B76D25E5E26300DA6D09 /* parstagram */,
				C0D8B78425E5E26A00DA6D09 /* parstagramTests */,
				C0D8B78F25E5E26A00DA6D09 /* parstagramUITests */,
				C0D8B76C25E5E26300DA6D09 /* Products */,
				81CBCA7FF576B0D1555877BE /* Pods */,
				CCBC5195BBE1E977A9D86C2C /* Frameworks */,
			);
			sourceTree = "<group>";
		};
		C0D8B76C25E5E26300DA6D09 /* Products */ = {
			isa = PBXGroup;
			children = (
				C0D8B76B25E5E26300DA6D09 /* parstagram.app */,
				C0D8B78125E5E26A00DA6D09 /* parstagramTests.xctest */,
				C0D8B78C25E5E26A00DA6D09 /* parstagramUITests.xctest */,
			);
			name = Products;
			sourceTree = "<group>";
		};
		C0D8B76D25E5E26300DA6D09 /* parstagram */ = {
			isa = PBXGroup;
			children = (
				C0D8B76E25E5E26300DA6D09 /* AppDelegate.swift */,
				C0D8B77025E5E26300DA6D09 /* SceneDelegate.swift */,
				C0D8B77225E5E26300DA6D09 /* ViewController.swift */,
				C0D8B77425E5E26300DA6D09 /* Main.storyboard */,
				C0D8B77725E5E26900DA6D09 /* Assets.xcassets */,
				C0D8B77925E5E26A00DA6D09 /* LaunchScreen.storyboard */,
				C0D8B77C25E5E26A00DA6D09 /* Info.plist */,
				C0D8B7A125E5E2B200DA6D09 /* LoginViewController.swift */,
				C0D8B7A625E5E2BB00DA6D09 /* FeedViewController.swift */,
				C0BFF58925E5FB8C000DA4DB /* CameraViewController.swift */,
				C00DE83825E88A50001A10F6 /* PostCell.swift */,
				C0ED9A3D25EF175300172347 /* CommentCell.swift */,
			);
			path = parstagram;
			sourceTree = "<group>";
		};
		C0D8B78425E5E26A00DA6D09 /* parstagramTests */ = {
			isa = PBXGroup;
			children = (
				C0D8B78525E5E26A00DA6D09 /* parstagramTests.swift */,
				C0D8B78725E5E26A00DA6D09 /* Info.plist */,
			);
			path = parstagramTests;
			sourceTree = "<group>";
		};
		C0D8B78F25E5E26A00DA6D09 /* parstagramUITests */ = {
			isa = PBXGroup;
			children = (
				C0D8B79025E5E26A00DA6D09 /* parstagramUITests.swift */,
				C0D8B79225E5E26A00DA6D09 /* Info.plist */,
			);
			path = parstagramUITests;
			sourceTree = "<group>";
		};
		CCBC5195BBE1E977A9D86C2C /* Frameworks */ = {
			isa = PBXGroup;
			children = (
				48BD0644C562C42A22644EB8 /* Pods_parstagram.framework */,
				EAF9D23AACDCD00942302834 /* Pods_parstagram_parstagramUITests.framework */,
				A8F26C1BCC3089C0098BF90B /* Pods_parstagramTests.framework */,
			);
			name = Frameworks;
			sourceTree = "<group>";
		};
/* End PBXGroup section */

/* Begin PBXNativeTarget section */
		C0D8B76A25E5E26300DA6D09 /* parstagram */ = {
			isa = PBXNativeTarget;
			buildConfigurationList = C0D8B79525E5E26A00DA6D09 /* Build configuration list for PBXNativeTarget "parstagram" */;
			buildPhases = (
				F9C6A2CCD7D5F9CE664511E2 /* [CP] Check Pods Manifest.lock */,
				C0D8B76725E5E26300DA6D09 /* Sources */,
				C0D8B76825E5E26300DA6D09 /* Frameworks */,
				C0D8B76925E5E26300DA6D09 /* Resources */,
				4413256A04140A88A2A0E054 /* [CP] Embed Pods Frameworks */,
			);
			buildRules = (
			);
			dependencies = (
			);
			name = parstagram;
			productName = parstagram;
			productReference = C0D8B76B25E5E26300DA6D09 /* parstagram.app */;
			productType = "com.apple.product-type.application";
		};
		C0D8B78025E5E26A00DA6D09 /* parstagramTests */ = {
			isa = PBXNativeTarget;
			buildConfigurationList = C0D8B79825E5E26A00DA6D09 /* Build configuration list for PBXNativeTarget "parstagramTests" */;
			buildPhases = (
				C342D1723FF3FE7A98DAC682 /* [CP] Check Pods Manifest.lock */,
				C0D8B77D25E5E26A00DA6D09 /* Sources */,
				C0D8B77E25E5E26A00DA6D09 /* Frameworks */,
				C0D8B77F25E5E26A00DA6D09 /* Resources */,
			);
			buildRules = (
			);
			dependencies = (
				C0D8B78325E5E26A00DA6D09 /* PBXTargetDependency */,
			);
			name = parstagramTests;
			productName = parstagramTests;
			productReference = C0D8B78125E5E26A00DA6D09 /* parstagramTests.xctest */;
			productType = "com.apple.product-type.bundle.unit-test";
		};
		C0D8B78B25E5E26A00DA6D09 /* parstagramUITests */ = {
			isa = PBXNativeTarget;
			buildConfigurationList = C0D8B79B25E5E26A00DA6D09 /* Build configuration list for PBXNativeTarget "parstagramUITests" */;
			buildPhases = (
				97D7D427891EC39AAB1CF33D /* [CP] Check Pods Manifest.lock */,
				C0D8B78825E5E26A00DA6D09 /* Sources */,
				C0D8B78925E5E26A00DA6D09 /* Frameworks */,
				C0D8B78A25E5E26A00DA6D09 /* Resources */,
				BF557C27E4F03B9E7E5D19D0 /* [CP] Embed Pods Frameworks */,
			);
			buildRules = (
			);
			dependencies = (
				C0D8B78E25E5E26A00DA6D09 /* PBXTargetDependency */,
			);
			name = parstagramUITests;
			productName = parstagramUITests;
			productReference = C0D8B78C25E5E26A00DA6D09 /* parstagramUITests.xctest */;
			productType = "com.apple.product-type.bundle.ui-testing";
		};
/* End PBXNativeTarget section */

/* Begin PBXProject section */
		C0D8B76325E5E26300DA6D09 /* Project object */ = {
			isa = PBXProject;
			attributes = {
				LastSwiftUpdateCheck = 1240;
				LastUpgradeCheck = 1240;
				TargetAttributes = {
					C0D8B76A25E5E26300DA6D09 = {
						CreatedOnToolsVersion = 12.4;
					};
					C0D8B78025E5E26A00DA6D09 = {
						CreatedOnToolsVersion = 12.4;
						TestTargetID = C0D8B76A25E5E26300DA6D09;
					};
					C0D8B78B25E5E26A00DA6D09 = {
						CreatedOnToolsVersion = 12.4;
						TestTargetID = C0D8B76A25E5E26300DA6D09;
					};
				};
			};
			buildConfigurationList = C0D8B76625E5E26300DA6D09 /* Build configuration list for PBXProject "parstagram" */;
			compatibilityVersion = "Xcode 9.3";
			developmentRegion = en;
			hasScannedForEncodings = 0;
			knownRegions = (
				en,
				Base,
			);
			mainGroup = C0D8B76225E5E26200DA6D09;
			productRefGroup = C0D8B76C25E5E26300DA6D09 /* Products */;
			projectDirPath = "";
			projectRoot = "";
			targets = (
				C0D8B76A25E5E26300DA6D09 /* parstagram */,
				C0D8B78025E5E26A00DA6D09 /* parstagramTests */,
				C0D8B78B25E5E26A00DA6D09 /* parstagramUITests */,
			);
		};
/* End PBXProject section */

/* Begin PBXResourcesBuildPhase section */
		C0D8B76925E5E26300DA6D09 /* Resources */ = {
			isa = PBXResourcesBuildPhase;
			buildActionMask = 2147483647;
			files = (
				C0D8B77B25E5E26A00DA6D09 /* LaunchScreen.storyboard in Resources */,
				C0D8B77825E5E26900DA6D09 /* Assets.xcassets in Resources */,
				C0D8B77625E5E26300DA6D09 /* Main.storyboard in Resources */,
			);
			runOnlyForDeploymentPostprocessing = 0;
		};
		C0D8B77F25E5E26A00DA6D09 /* Resources */ = {
			isa = PBXResourcesBuildPhase;
			buildActionMask = 2147483647;
			files = (
			);
			runOnlyForDeploymentPostprocessing = 0;
		};
		C0D8B78A25E5E26A00DA6D09 /* Resources */ = {
			isa = PBXResourcesBuildPhase;
			buildActionMask = 2147483647;
			files = (
			);
			runOnlyForDeploymentPostprocessing = 0;
		};
/* End PBXResourcesBuildPhase section */

/* Begin PBXShellScriptBuildPhase section */
		4413256A04140A88A2A0E054 /* [CP] Embed Pods Frameworks */ = {
			isa = PBXShellScriptBuildPhase;
			buildActionMask = 2147483647;
			files = (
			);
			inputFileListPaths = (
				"${PODS_ROOT}/Target Support Files/Pods-parstagram/Pods-parstagram-frameworks-${CONFIGURATION}-input-files.xcfilelist",
			);
			name = "[CP] Embed Pods Frameworks";
			outputFileListPaths = (
				"${PODS_ROOT}/Target Support Files/Pods-parstagram/Pods-parstagram-frameworks-${CONFIGURATION}-output-files.xcfilelist",
			);
			runOnlyForDeploymentPostprocessing = 0;
			shellPath = /bin/sh;
			shellScript = "\"${PODS_ROOT}/Target Support Files/Pods-parstagram/Pods-parstagram-frameworks.sh\"\n";
			showEnvVarsInLog = 0;
		};
		97D7D427891EC39AAB1CF33D /* [CP] Check Pods Manifest.lock */ = {
			isa = PBXShellScriptBuildPhase;
			buildActionMask = 2147483647;
			files = (
			);
			inputFileListPaths = (
			);
			inputPaths = (
				"${PODS_PODFILE_DIR_PATH}/Podfile.lock",
				"${PODS_ROOT}/Manifest.lock",
			);
			name = "[CP] Check Pods Manifest.lock";
			outputFileListPaths = (
			);
			outputPaths = (
				"$(DERIVED_FILE_DIR)/Pods-parstagram-parstagramUITests-checkManifestLockResult.txt",
			);
			runOnlyForDeploymentPostprocessing = 0;
			shellPath = /bin/sh;
			shellScript = "diff \"${PODS_PODFILE_DIR_PATH}/Podfile.lock\" \"${PODS_ROOT}/Manifest.lock\" > /dev/null\nif [ $? != 0 ] ; then\n    # print error to STDERR\n    echo \"error: The sandbox is not in sync with the Podfile.lock. Run 'pod install' or update your CocoaPods installation.\" >&2\n    exit 1\nfi\n# This output is used by Xcode 'outputs' to avoid re-running this script phase.\necho \"SUCCESS\" > \"${SCRIPT_OUTPUT_FILE_0}\"\n";
			showEnvVarsInLog = 0;
		};
		BF557C27E4F03B9E7E5D19D0 /* [CP] Embed Pods Frameworks */ = {
			isa = PBXShellScriptBuildPhase;
			buildActionMask = 2147483647;
			files = (
			);
			inputFileListPaths = (
				"${PODS_ROOT}/Target Support Files/Pods-parstagram-parstagramUITests/Pods-parstagram-parstagramUITests-frameworks-${CONFIGURATION}-input-files.xcfilelist",
			);
			name = "[CP] Embed Pods Frameworks";
			outputFileListPaths = (
				"${PODS_ROOT}/Target Support Files/Pods-parstagram-parstagramUITests/Pods-parstagram-parstagramUITests-frameworks-${CONFIGURATION}-output-files.xcfilelist",
			);
			runOnlyForDeploymentPostprocessing = 0;
			shellPath = /bin/sh;
			shellScript = "\"${PODS_ROOT}/Target Support Files/Pods-parstagram-parstagramUITests/Pods-parstagram-parstagramUITests-frameworks.sh\"\n";
			showEnvVarsInLog = 0;
		};
		C342D1723FF3FE7A98DAC682 /* [CP] Check Pods Manifest.lock */ = {
			isa = PBXShellScriptBuildPhase;
			buildActionMask = 2147483647;
			files = (
			);
			inputFileListPaths = (
			);
			inputPaths = (
				"${PODS_PODFILE_DIR_PATH}/Podfile.lock",
				"${PODS_ROOT}/Manifest.lock",
			);
			name = "[CP] Check Pods Manifest.lock";
			outputFileListPaths = (
			);
			outputPaths = (
				"$(DERIVED_FILE_DIR)/Pods-parstagramTests-checkManifestLockResult.txt",
			);
			runOnlyForDeploymentPostprocessing = 0;
			shellPath = /bin/sh;
			shellScript = "diff \"${PODS_PODFILE_DIR_PATH}/Podfile.lock\" \"${PODS_ROOT}/Manifest.lock\" > /dev/null\nif [ $? != 0 ] ; then\n    # print error to STDERR\n    echo \"error: The sandbox is not in sync with the Podfile.lock. Run 'pod install' or update your CocoaPods installation.\" >&2\n    exit 1\nfi\n# This output is used by Xcode 'outputs' to avoid re-running this script phase.\necho \"SUCCESS\" > \"${SCRIPT_OUTPUT_FILE_0}\"\n";
			showEnvVarsInLog = 0;
		};
		F9C6A2CCD7D5F9CE664511E2 /* [CP] Check Pods Manifest.lock */ = {
			isa = PBXShellScriptBuildPhase;
			buildActionMask = 2147483647;
			files = (
			);
			inputFileListPaths = (
			);
			inputPaths = (
				"${PODS_PODFILE_DIR_PATH}/Podfile.lock",
				"${PODS_ROOT}/Manifest.lock",
			);
			name = "[CP] Check Pods Manifest.lock";
			outputFileListPaths = (
			);
			outputPaths = (
				"$(DERIVED_FILE_DIR)/Pods-parstagram-checkManifestLockResult.txt",
			);
			runOnlyForDeploymentPostprocessing = 0;
			shellPath = /bin/sh;
			shellScript = "diff \"${PODS_PODFILE_DIR_PATH}/Podfile.lock\" \"${PODS_ROOT}/Manifest.lock\" > /dev/null\nif [ $? != 0 ] ; then\n    # print error to STDERR\n    echo \"error: The sandbox is not in sync with the Podfile.lock. Run 'pod install' or update your CocoaPods installation.\" >&2\n    exit 1\nfi\n# This output is used by Xcode 'outputs' to avoid re-running this script phase.\necho \"SUCCESS\" > \"${SCRIPT_OUTPUT_FILE_0}\"\n";
			showEnvVarsInLog = 0;
		};
/* End PBXShellScriptBuildPhase section */

/* Begin PBXSourcesBuildPhase section */
		C0D8B76725E5E26300DA6D09 /* Sources */ = {
			isa = PBXSourcesBuildPhase;
			buildActionMask = 2147483647;
			files = (
				C00DE83925E88A50001A10F6 /* PostCell.swift in Sources */,
				C0D8B7A225E5E2B200DA6D09 /* LoginViewController.swift in Sources */,
				C0D8B77325E5E26300DA6D09 /* ViewController.swift in Sources */,
				C0D8B7A725E5E2BB00DA6D09 /* FeedViewController.swift in Sources */,
				C0D8B76F25E5E26300DA6D09 /* AppDelegate.swift in Sources */,
				C0D8B77125E5E26300DA6D09 /* SceneDelegate.swift in Sources */,
				C0BFF58A25E5FB8C000DA4DB /* CameraViewController.swift in Sources */,
				C0ED9A3E25EF175300172347 /* CommentCell.swift in Sources */,
			);
			runOnlyForDeploymentPostprocessing = 0;
		};
		C0D8B77D25E5E26A00DA6D09 /* Sources */ = {
			isa = PBXSourcesBuildPhase;
			buildActionMask = 2147483647;
			files = (
				C0D8B78625E5E26A00DA6D09 /* parstagramTests.swift in Sources */,
			);
			runOnlyForDeploymentPostprocessing = 0;
		};
		C0D8B78825E5E26A00DA6D09 /* Sources */ = {
			isa = PBXSourcesBuildPhase;
			buildActionMask = 2147483647;
			files = (
				C0D8B79125E5E26A00DA6D09 /* parstagramUITests.swift in Sources */,
			);
			runOnlyForDeploymentPostprocessing = 0;
		};
/* End PBXSourcesBuildPhase section */

/* Begin PBXTargetDependency section */
		C0D8B78325E5E26A00DA6D09 /* PBXTargetDependency */ = {
			isa = PBXTargetDependency;
			target = C0D8B76A25E5E26300DA6D09 /* parstagram */;
			targetProxy = C0D8B78225E5E26A00DA6D09 /* PBXContainerItemProxy */;
		};
		C0D8B78E25E5E26A00DA6D09 /* PBXTargetDependency */ = {
			isa = PBXTargetDependency;
			target = C0D8B76A25E5E26300DA6D09 /* parstagram */;
			targetProxy = C0D8B78D25E5E26A00DA6D09 /* PBXContainerItemProxy */;
		};
/* End PBXTargetDependency section */

/* Begin PBXVariantGroup section */
		C0D8B77425E5E26300DA6D09 /* Main.storyboard */ = {
			isa = PBXVariantGroup;
			children = (
				C0D8B77525E5E26300DA6D09 /* Base */,
			);
			name = Main.storyboard;
			sourceTree = "<group>";
		};
		C0D8B77925E5E26A00DA6D09 /* LaunchScreen.storyboard */ = {
			isa = PBXVariantGroup;
			children = (
				C0D8B77A25E5E26A00DA6D09 /* Base */,
			);
			name = LaunchScreen.storyboard;
			sourceTree = "<group>";
		};
/* End PBXVariantGroup section */

/* Begin XCBuildConfiguration section */
		C0D8B79325E5E26A00DA6D09 /* Debug */ = {
			isa = XCBuildConfiguration;
			buildSettings = {
				ALWAYS_SEARCH_USER_PATHS = NO;
				CLANG_ANALYZER_NONNULL = YES;
				CLANG_ANALYZER_NUMBER_OBJECT_CONVERSION = YES_AGGRESSIVE;
				CLANG_CXX_LANGUAGE_STANDARD = "gnu++14";
				CLANG_CXX_LIBRARY = "libc++";
				CLANG_ENABLE_MODULES = YES;
				CLANG_ENABLE_OBJC_ARC = YES;
				CLANG_ENABLE_OBJC_WEAK = YES;
				CLANG_WARN_BLOCK_CAPTURE_AUTORELEASING = YES;
				CLANG_WARN_BOOL_CONVERSION = YES;
				CLANG_WARN_COMMA = YES;
				CLANG_WARN_CONSTANT_CONVERSION = YES;
				CLANG_WARN_DEPRECATED_OBJC_IMPLEMENTATIONS = YES;
				CLANG_WARN_DIRECT_OBJC_ISA_USAGE = YES_ERROR;
				CLANG_WARN_DOCUMENTATION_COMMENTS = YES;
				CLANG_WARN_EMPTY_BODY = YES;
				CLANG_WARN_ENUM_CONVERSION = YES;
				CLANG_WARN_INFINITE_RECURSION = YES;
				CLANG_WARN_INT_CONVERSION = YES;
				CLANG_WARN_NON_LITERAL_NULL_CONVERSION = YES;
				CLANG_WARN_OBJC_IMPLICIT_RETAIN_SELF = YES;
				CLANG_WARN_OBJC_LITERAL_CONVERSION = YES;
				CLANG_WARN_OBJC_ROOT_CLASS = YES_ERROR;
				CLANG_WARN_QUOTED_INCLUDE_IN_FRAMEWORK_HEADER = YES;
				CLANG_WARN_RANGE_LOOP_ANALYSIS = YES;
				CLANG_WARN_STRICT_PROTOTYPES = YES;
				CLANG_WARN_SUSPICIOUS_MOVE = YES;
				CLANG_WARN_UNGUARDED_AVAILABILITY = YES_AGGRESSIVE;
				CLANG_WARN_UNREACHABLE_CODE = YES;
				CLANG_WARN__DUPLICATE_METHOD_MATCH = YES;
				COPY_PHASE_STRIP = NO;
				DEBUG_INFORMATION_FORMAT = dwarf;
				ENABLE_STRICT_OBJC_MSGSEND = YES;
				ENABLE_TESTABILITY = YES;
				GCC_C_LANGUAGE_STANDARD = gnu11;
				GCC_DYNAMIC_NO_PIC = NO;
				GCC_NO_COMMON_BLOCKS = YES;
				GCC_OPTIMIZATION_LEVEL = 0;
				GCC_PREPROCESSOR_DEFINITIONS = (
					"DEBUG=1",
					"$(inherited)",
				);
				GCC_WARN_64_TO_32_BIT_CONVERSION = YES;
				GCC_WARN_ABOUT_RETURN_TYPE = YES_ERROR;
				GCC_WARN_UNDECLARED_SELECTOR = YES;
				GCC_WARN_UNINITIALIZED_AUTOS = YES_AGGRESSIVE;
				GCC_WARN_UNUSED_FUNCTION = YES;
				GCC_WARN_UNUSED_VARIABLE = YES;
				IPHONEOS_DEPLOYMENT_TARGET = 14.4;
				MTL_ENABLE_DEBUG_INFO = INCLUDE_SOURCE;
				MTL_FAST_MATH = YES;
				ONLY_ACTIVE_ARCH = YES;
				SDKROOT = iphoneos;
				SWIFT_ACTIVE_COMPILATION_CONDITIONS = DEBUG;
				SWIFT_OPTIMIZATION_LEVEL = "-Onone";
			};
			name = Debug;
		};
		C0D8B79425E5E26A00DA6D09 /* Release */ = {
			isa = XCBuildConfiguration;
			buildSettings = {
				ALWAYS_SEARCH_USER_PATHS = NO;
				CLANG_ANALYZER_NONNULL = YES;
				CLANG_ANALYZER_NUMBER_OBJECT_CONVERSION = YES_AGGRESSIVE;
				CLANG_CXX_LANGUAGE_STANDARD = "gnu++14";
				CLANG_CXX_LIBRARY = "libc++";
				CLANG_ENABLE_MODULES = YES;
				CLANG_ENABLE_OBJC_ARC = YES;
				CLANG_ENABLE_OBJC_WEAK = YES;
				CLANG_WARN_BLOCK_CAPTURE_AUTORELEASING = YES;
				CLANG_WARN_BOOL_CONVERSION = YES;
				CLANG_WARN_COMMA = YES;
				CLANG_WARN_CONSTANT_CONVERSION = YES;
				CLANG_WARN_DEPRECATED_OBJC_IMPLEMENTATIONS = YES;
				CLANG_WARN_DIRECT_OBJC_ISA_USAGE = YES_ERROR;
				CLANG_WARN_DOCUMENTATION_COMMENTS = YES;
				CLANG_WARN_EMPTY_BODY = YES;
				CLANG_WARN_ENUM_CONVERSION = YES;
				CLANG_WARN_INFINITE_RECURSION = YES;
				CLANG_WARN_INT_CONVERSION = YES;
				CLANG_WARN_NON_LITERAL_NULL_CONVERSION = YES;
				CLANG_WARN_OBJC_IMPLICIT_RETAIN_SELF = YES;
				CLANG_WARN_OBJC_LITERAL_CONVERSION = YES;
				CLANG_WARN_OBJC_ROOT_CLASS = YES_ERROR;
				CLANG_WARN_QUOTED_INCLUDE_IN_FRAMEWORK_HEADER = YES;
				CLANG_WARN_RANGE_LOOP_ANALYSIS = YES;
				CLANG_WARN_STRICT_PROTOTYPES = YES;
				CLANG_WARN_SUSPICIOUS_MOVE = YES;
				CLANG_WARN_UNGUARDED_AVAILABILITY = YES_AGGRESSIVE;
				CLANG_WARN_UNREACHABLE_CODE = YES;
				CLANG_WARN__DUPLICATE_METHOD_MATCH = YES;
				COPY_PHASE_STRIP = NO;
				DEBUG_INFORMATION_FORMAT = "dwarf-with-dsym";
				ENABLE_NS_ASSERTIONS = NO;
				ENABLE_STRICT_OBJC_MSGSEND = YES;
				GCC_C_LANGUAGE_STANDARD = gnu11;
				GCC_NO_COMMON_BLOCKS = YES;
				GCC_WARN_64_TO_32_BIT_CONVERSION = YES;
				GCC_WARN_ABOUT_RETURN_TYPE = YES_ERROR;
				GCC_WARN_UNDECLARED_SELECTOR = YES;
				GCC_WARN_UNINITIALIZED_AUTOS = YES_AGGRESSIVE;
				GCC_WARN_UNUSED_FUNCTION = YES;
				GCC_WARN_UNUSED_VARIABLE = YES;
				IPHONEOS_DEPLOYMENT_TARGET = 14.4;
				MTL_ENABLE_DEBUG_INFO = NO;
				MTL_FAST_MATH = YES;
				SDKROOT = iphoneos;
				SWIFT_COMPILATION_MODE = wholemodule;
				SWIFT_OPTIMIZATION_LEVEL = "-O";
				VALIDATE_PRODUCT = YES;
			};
			name = Release;
		};
		C0D8B79625E5E26A00DA6D09 /* Debug */ = {
			isa = XCBuildConfiguration;
			baseConfigurationReference = 085C4DCD07A15CD384254F37 /* Pods-parstagram.debug.xcconfig */;
			buildSettings = {
				ASSETCATALOG_COMPILER_APPICON_NAME = AppIcon;
				ASSETCATALOG_COMPILER_GLOBAL_ACCENT_COLOR_NAME = AccentColor;
				CODE_SIGN_STYLE = Automatic;
				DEVELOPMENT_TEAM = GC7953L35Z;
				INFOPLIST_FILE = parstagram/Info.plist;
				LD_RUNPATH_SEARCH_PATHS = (
					"$(inherited)",
					"@executable_path/Frameworks",
				);
				PRODUCT_BUNDLE_IDENTIFIER = kennyjung223.parstagram;
				PRODUCT_NAME = "$(TARGET_NAME)";
				SWIFT_VERSION = 5.0;
				TARGETED_DEVICE_FAMILY = "1,2";
			};
			name = Debug;
		};
		C0D8B79725E5E26A00DA6D09 /* Release */ = {
			isa = XCBuildConfiguration;
			baseConfigurationReference = DBDC06E1230F9E5EA6563C48 /* Pods-parstagram.release.xcconfig */;
			buildSettings = {
				ASSETCATALOG_COMPILER_APPICON_NAME = AppIcon;
				ASSETCATALOG_COMPILER_GLOBAL_ACCENT_COLOR_NAME = AccentColor;
				CODE_SIGN_STYLE = Automatic;
				DEVELOPMENT_TEAM = GC7953L35Z;
				INFOPLIST_FILE = parstagram/Info.plist;
				LD_RUNPATH_SEARCH_PATHS = (
					"$(inherited)",
					"@executable_path/Frameworks",
				);
				PRODUCT_BUNDLE_IDENTIFIER = kennyjung223.parstagram;
				PRODUCT_NAME = "$(TARGET_NAME)";
				SWIFT_VERSION = 5.0;
				TARGETED_DEVICE_FAMILY = "1,2";
			};
			name = Release;
		};
		C0D8B79925E5E26A00DA6D09 /* Debug */ = {
			isa = XCBuildConfiguration;
			baseConfigurationReference = D7099142E84BBA19745D80AE /* Pods-parstagramTests.debug.xcconfig */;
			buildSettings = {
				ALWAYS_EMBED_SWIFT_STANDARD_LIBRARIES = YES;
				BUNDLE_LOADER = "$(TEST_HOST)";
				CODE_SIGN_STYLE = Automatic;
				DEVELOPMENT_TEAM = GC7953L35Z;
				INFOPLIST_FILE = parstagramTests/Info.plist;
				IPHONEOS_DEPLOYMENT_TARGET = 14.4;
				LD_RUNPATH_SEARCH_PATHS = (
					"$(inherited)",
					"@executable_path/Frameworks",
					"@loader_path/Frameworks",
				);
				PRODUCT_BUNDLE_IDENTIFIER = kennyjung223.parstagramTests;
				PRODUCT_NAME = "$(TARGET_NAME)";
				SWIFT_VERSION = 5.0;
				TARGETED_DEVICE_FAMILY = "1,2";
				TEST_HOST = "$(BUILT_PRODUCTS_DIR)/parstagram.app/parstagram";
			};
			name = Debug;
		};
		C0D8B79A25E5E26A00DA6D09 /* Release */ = {
			isa = XCBuildConfiguration;
			baseConfigurationReference = D160F70D8662867CEF352CFD /* Pods-parstagramTests.release.xcconfig */;
			buildSettings = {
				ALWAYS_EMBED_SWIFT_STANDARD_LIBRARIES = YES;
				BUNDLE_LOADER = "$(TEST_HOST)";
				CODE_SIGN_STYLE = Automatic;
				DEVELOPMENT_TEAM = GC7953L35Z;
				INFOPLIST_FILE = parstagramTests/Info.plist;
				IPHONEOS_DEPLOYMENT_TARGET = 14.4;
				LD_RUNPATH_SEARCH_PATHS = (
					"$(inherited)",
					"@executable_path/Frameworks",
					"@loader_path/Frameworks",
				);
				PRODUCT_BUNDLE_IDENTIFIER = kennyjung223.parstagramTests;
				PRODUCT_NAME = "$(TARGET_NAME)";
				SWIFT_VERSION = 5.0;
				TARGETED_DEVICE_FAMILY = "1,2";
				TEST_HOST = "$(BUILT_PRODUCTS_DIR)/parstagram.app/parstagram";
			};
			name = Release;
		};
		C0D8B79C25E5E26A00DA6D09 /* Debug */ = {
			isa = XCBuildConfiguration;
			baseConfigurationReference = 1AFDC23EE9087BD581D683E0 /* Pods-parstagram-parstagramUITests.debug.xcconfig */;
			buildSettings = {
				ALWAYS_EMBED_SWIFT_STANDARD_LIBRARIES = YES;
				CODE_SIGN_STYLE = Automatic;
				DEVELOPMENT_TEAM = GC7953L35Z;
				INFOPLIST_FILE = parstagramUITests/Info.plist;
				LD_RUNPATH_SEARCH_PATHS = (
					"$(inherited)",
					"@executable_path/Frameworks",
					"@loader_path/Frameworks",
				);
				PRODUCT_BUNDLE_IDENTIFIER = kennyjung223.parstagramUITests;
				PRODUCT_NAME = "$(TARGET_NAME)";
				SWIFT_VERSION = 5.0;
				TARGETED_DEVICE_FAMILY = "1,2";
				TEST_TARGET_NAME = parstagram;
			};
			name = Debug;
		};
		C0D8B79D25E5E26A00DA6D09 /* Release */ = {
			isa = XCBuildConfiguration;
			baseConfigurationReference = C9EDA17E722BB22F7DF1BD45 /* Pods-parstagram-parstagramUITests.release.xcconfig */;
			buildSettings = {
				ALWAYS_EMBED_SWIFT_STANDARD_LIBRARIES = YES;
				CODE_SIGN_STYLE = Automatic;
				DEVELOPMENT_TEAM = GC7953L35Z;
				INFOPLIST_FILE = parstagramUITests/Info.plist;
				LD_RUNPATH_SEARCH_PATHS = (
					"$(inherited)",
					"@executable_path/Frameworks",
					"@loader_path/Frameworks",
				);
				PRODUCT_BUNDLE_IDENTIFIER = kennyjung223.parstagramUITests;
				PRODUCT_NAME = "$(TARGET_NAME)";
				SWIFT_VERSION = 5.0;
				TARGETED_DEVICE_FAMILY = "1,2";
				TEST_TARGET_NAME = parstagram;
			};
			name = Release;
		};
/* End XCBuildConfiguration section */

/* Begin XCConfigurationList section */
		C0D8B76625E5E26300DA6D09 /* Build configuration list for PBXProject "parstagram" */ = {
			isa = XCConfigurationList;
			buildConfigurations = (
				C0D8B79325E5E26A00DA6D09 /* Debug */,
				C0D8B79425E5E26A00DA6D09 /* Release */,
			);
			defaultConfigurationIsVisible = 0;
			defaultConfigurationName = Release;
		};
		C0D8B79525E5E26A00DA6D09 /* Build configuration list for PBXNativeTarget "parstagram" */ = {
			isa = XCConfigurationList;
			buildConfigurations = (
				C0D8B79625E5E26A00DA6D09 /* Debug */,
				C0D8B79725E5E26A00DA6D09 /* Release */,
			);
			defaultConfigurationIsVisible = 0;
			defaultConfigurationName = Release;
		};
		C0D8B79825E5E26A00DA6D09 /* Build configuration list for PBXNativeTarget "parstagramTests" */ = {
			isa = XCConfigurationList;
			buildConfigurations = (
				C0D8B79925E5E26A00DA6D09 /* Debug */,
				C0D8B79A25E5E26A00DA6D09 /* Release */,
			);
			defaultConfigurationIsVisible = 0;
			defaultConfigurationName = Release;
		};
		C0D8B79B25E5E26A00DA6D09 /* Build configuration list for PBXNativeTarget "parstagramUITests" */ = {
			isa = XCConfigurationList;
			buildConfigurations = (
				C0D8B79C25E5E26A00DA6D09 /* Debug */,
				C0D8B79D25E5E26A00DA6D09 /* Release */,
			);
			defaultConfigurationIsVisible = 0;
			defaultConfigurationName = Release;
		};
/* End XCConfigurationList section */
	};
	rootObject = C0D8B76325E5E26300DA6D09 /* Project object */;
}
